// !$*UTF8*$!
{
	archiveVersion = 1;
	classes = {
	};
	objectVersion = 46;
	objects = {

/* Begin PBXBuildFile section */
		B57FA2001ECAA98100EB2641 /* main.m in Sources */ = {isa = PBXBuildFile; fileRef = B57FA1FF1ECAA98100EB2641 /* main.m */; };
		B57FA2031ECAA98100EB2641 /* AppDelegate.m in Sources */ = {isa = PBXBuildFile; fileRef = B57FA2021ECAA98100EB2641 /* AppDelegate.m */; };
		B57FA2061ECAA98100EB2641 /* ViewController.m in Sources */ = {isa = PBXBuildFile; fileRef = B57FA2051ECAA98100EB2641 /* ViewController.m */; };
		B57FA2091ECAA98100EB2641 /* Main.storyboard in Resources */ = {isa = PBXBuildFile; fileRef = B57FA2071ECAA98100EB2641 /* Main.storyboard */; };
		B57FA20B1ECAA98100EB2641 /* Assets.xcassets in Resources */ = {isa = PBXBuildFile; fileRef = B57FA20A1ECAA98100EB2641 /* Assets.xcassets */; };
		B57FA20E1ECAA98100EB2641 /* LaunchScreen.storyboard in Resources */ = {isa = PBXBuildFile; fileRef = B57FA20C1ECAA98100EB2641 /* LaunchScreen.storyboard */; };
/* End PBXBuildFile section */

/* Begin PBXFileReference section */
		B57FA1FB1ECAA98100EB2641 /* TestUpload.app */ = {isa = PBXFileReference; explicitFileType = wrapper.application; includeInIndex = 0; path = TestUpload.app; sourceTree = BUILT_PRODUCTS_DIR; };
		B57FA1FF1ECAA98100EB2641 /* main.m */ = {isa = PBXFileReference; lastKnownFileType = sourcecode.c.objc; path = main.m; sourceTree = "<group>"; };
		B57FA2011ECAA98100EB2641 /* AppDelegate.h */ = {isa = PBXFileReference; lastKnownFileType = sourcecode.c.h; path = AppDelegate.h; sourceTree = "<group>"; };
		B57FA2021ECAA98100EB2641 /* AppDelegate.m */ = {isa = PBXFileReference; lastKnownFileType = sourcecode.c.objc; path = AppDelegate.m; sourceTree = "<group>"; };
		B57FA2041ECAA98100EB2641 /* ViewController.h */ = {isa = PBXFileReference; lastKnownFileType = sourcecode.c.h; path = ViewController.h; sourceTree = "<group>"; };
		B57FA2051ECAA98100EB2641 /* ViewController.m */ = {isa = PBXFileReference; lastKnownFileType = sourcecode.c.objc; path = ViewController.m; sourceTree = "<group>"; };
		B57FA2081ECAA98100EB2641 /* Base */ = {isa = PBXFileReference; lastKnownFileType = file.storyboard; name = Base; path = Base.lproj/Main.storyboard; sourceTree = "<group>"; };
		B57FA20A1ECAA98100EB2641 /* Assets.xcassets */ = {isa = PBXFileReference; lastKnownFileType = folder.assetcatalog; path = Assets.xcassets; sourceTree = "<group>"; };
		B57FA20D1ECAA98100EB2641 /* Base */ = {isa = PBXFileReference; lastKnownFileType = file.storyboard; name = Base; path = Base.lproj/LaunchScreen.storyboard; sourceTree = "<group>"; };
		B57FA20F1ECAA98100EB2641 /* Info.plist */ = {isa = PBXFileReference; lastKnownFileType = text.plist.xml; path = Info.plist; sourceTree = "<group>"; };
/* End PBXFileReference section */

/* Begin PBXFrameworksBuildPhase section */
		B57FA1F81ECAA98100EB2641 /* Frameworks */ = {
			isa = PBXFrameworksBuildPhase;
			buildActionMask = 2147483647;
			files = (
			);
			runOnlyForDeploymentPostprocessing = 0;
		};
/* End PBXFrameworksBuildPhase section */

/* Begin PBXGroup section */
		B57FA1F21ECAA98100EB2641 = {
			isa = PBXGroup;
			children = (
				B57FA1FD1ECAA98100EB2641 /* TestUpload */,
				B57FA1FC1ECAA98100EB2641 /* Products */,
			);
			sourceTree = "<group>";
		};
		B57FA1FC1ECAA98100EB2641 /* Products */ = {
			isa = PBXGroup;
			children = (
				B57FA1FB1ECAA98100EB2641 /* TestUpload.app */,
			);
			name = Products;
			sourceTree = "<group>";
		};
		B57FA1FD1ECAA98100EB2641 /* TestUpload */ = {
			isa = PBXGroup;
			children = (
				B57FA2011ECAA98100EB2641 /* AppDelegate.h */,
				B57FA2021ECAA98100EB2641 /* AppDelegate.m */,
				B57FA2041ECAA98100EB2641 /* ViewController.h */,
				B57FA2051ECAA98100EB2641 /* ViewController.m */,
				B57FA2071ECAA98100EB2641 /* Main.storyboard */,
				B57FA20A1ECAA98100EB2641 /* Assets.xcassets */,
				B57FA20C1ECAA98100EB2641 /* LaunchScreen.storyboard */,
				B57FA20F1ECAA98100EB2641 /* Info.plist */,
				B57FA1FE1ECAA98100EB2641 /* Supporting Files */,
			);
			path = TestUpload;
			sourceTree = "<group>";
		};
		B57FA1FE1ECAA98100EB2641 /* Supporting Files */ = {
			isa = PBXGroup;
			children = (
				B57FA1FF1ECAA98100EB2641 /* main.m */,
			);
			name = "Supporting Files";
			sourceTree = "<group>";
		};
/* End PBXGroup section */

/* Begin PBXNativeTarget section */
		B57FA1FA1ECAA98100EB2641 /* TestUpload */ = {
			isa = PBXNativeTarget;
			buildConfigurationList = B57FA2121ECAA98100EB2641 /* Build configuration list for PBXNativeTarget "TestUpload" */;
			buildPhases = (
				B57FA1F71ECAA98100EB2641 /* Sources */,
				B57FA1F81ECAA98100EB2641 /* Frameworks */,
				B57FA1F91ECAA98100EB2641 /* Resources */,
			);
			buildRules = (
			);
			dependencies = (
			);
			name = TestUpload;
			productName = TestUpload;
			productReference = B57FA1FB1ECAA98100EB2641 /* TestUpload.app */;
			productType = "com.apple.product-type.application";
		};
/* End PBXNativeTarget section */

/* Begin PBXProject section */
		B57FA1F31ECAA98100EB2641 /* Project object */ = {
			isa = PBXProject;
			attributes = {
				LastUpgradeCheck = 0830;
				ORGANIZATIONNAME = Het;
				TargetAttributes = {
					B57FA1FA1ECAA98100EB2641 = {
						CreatedOnToolsVersion = 8.3.2;
						DevelopmentTeam = WU2WFZ2B66;
						ProvisioningStyle = Automatic;
					};
				};
			};
			buildConfigurationList = B57FA1F61ECAA98100EB2641 /* Build configuration list for PBXProject "TestUpload" */;
			compatibilityVersion = "Xcode 3.2";
			developmentRegion = English;
			hasScannedForEncodings = 0;
			knownRegions = (
				en,
				Base,
			);
			mainGroup = B57FA1F21ECAA98100EB2641;
			productRefGroup = B57FA1FC1ECAA98100EB2641 /* Products */;
			projectDirPath = "";
			projectRoot = "";
			targets = (
				B57FA1FA1ECAA98100EB2641 /* TestUpload */,
			);
		};
/* End PBXProject section */

/* Begin PBXResourcesBuildPhase section */
		B57FA1F91ECAA98100EB2641 /* Resources */ = {
			isa = PBXResourcesBuildPhase;
			buildActionMask = 2147483647;
			files = (
				B57FA20E1ECAA98100EB2641 /* LaunchScreen.storyboard in Resources */,
				B57FA20B1ECAA98100EB2641 /* Assets.xcassets in Resources */,
				B57FA2091ECAA98100EB2641 /* Main.storyboard in Resources */,
			);
			runOnlyForDeploymentPostprocessing = 0;
		};
/* End PBXResourcesBuildPhase section */

/* Begin PBXSourcesBuildPhase section */
		B57FA1F71ECAA98100EB2641 /* Sources */ = {
			isa = PBXSourcesBuildPhase;
			buildActionMask = 2147483647;
			files = (
				B57FA2061ECAA98100EB2641 /* ViewController.m in Sources */,
				B57FA2031ECAA98100EB2641 /* AppDelegate.m in Sources */,
				B57FA2001ECAA98100EB2641 /* main.m in Sources */,
			);
			runOnlyForDeploymentPostprocessing = 0;
		};
/* End PBXSourcesBuildPhase section */

/* Begin PBXVariantGroup section */
		B57FA2071ECAA98100EB2641 /* Main.storyboard */ = {
			isa = PBXVariantGroup;
			children = (
				B57FA2081ECAA98100EB2641 /* Base */,
			);
			name = Main.storyboard;
			sourceTree = "<group>";
		};
		B57FA20C1ECAA98100EB2641 /* LaunchScreen.storyboard */ = {
			isa = PBXVariantGroup;
			children = (
				B57FA20D1ECAA98100EB2641 /* Base */,
			);
			name = LaunchScreen.storyboard;
			sourceTree = "<group>";
		};
/* End PBXVariantGroup section */

/* Begin XCBuildConfiguration section */
		B57FA2101ECAA98100EB2641 /* Debug */ = {
			isa = XCBuildConfiguration;
			buildSettings = {
				ALWAYS_SEARCH_USER_PATHS = NO;
				CLANG_ANALYZER_NONNULL = YES;
				CLANG_ANALYZER_NUMBER_OBJECT_CONVERSION = YES_AGGRESSIVE;
				CLANG_CXX_LANGUAGE_STANDARD = "gnu++0x";
				CLANG_CXX_LIBRARY = "libc++";
				CLANG_ENABLE_MODULES = YES;
				CLANG_ENABLE_OBJC_ARC = YES;
				CLANG_WARN_BOOL_CONVERSION = YES;
				CLANG_WARN_CONSTANT_CONVERSION = YES;
				CLANG_WARN_DIRECT_OBJC_ISA_USAGE = YES_ERROR;
				CLANG_WARN_DOCUMENTATION_COMMENTS = YES;
				CLANG_WARN_EMPTY_BODY = YES;
				CLANG_WARN_ENUM_CONVERSION = YES;
				CLANG_WARN_INFINITE_RECURSION = YES;
				CLANG_WARN_INT_CONVERSION = YES;
				CLANG_WARN_OBJC_ROOT_CLASS = YES_ERROR;
				CLANG_WARN_SUSPICIOUS_MOVE = YES;
				CLANG_WARN_UNREACHABLE_CODE = YES;
				CLANG_WARN__DUPLICATE_METHOD_MATCH = YES;
				"CODE_SIGN_IDENTITY[sdk=iphoneos*]" = "iPhone Developer";
				COPY_PHASE_STRIP = NO;
				DEBUG_INFORMATION_FORMAT = dwarf;
				ENABLE_STRICT_OBJC_MSGSEND = YES;
				ENABLE_TESTABILITY = YES;
				GCC_C_LANGUAGE_STANDARD = gnu99;
				GCC_DYNAMIC_NO_PIC = NO;
				GCC_NO_COMMON_BLOCKS = YES;
				GCC_OPTIMIZATION_LEVEL = 0;
				GCC_PREPROCESSOR_DEFINITIONS = (
					"DEBUG=1",
					"$(inherited)",
				);
				GCC_WARN_64_TO_32_BIT_CONVERSION = YES;
				GCC_WARN_ABOUT_RETURN_TYPE = YES_ERROR;
				GCC_WARN_UNDECLARED_SELECTOR = YES;
				GCC_WARN_UNINITIALIZED_AUTOS = YES_AGGRESSIVE;
				GCC_WARN_UNUSED_FUNCTION = YES;
				GCC_WARN_UNUSED_VARIABLE = YES;
				IPHONEOS_DEPLOYMENT_TARGET = 10.3;
				MTL_ENABLE_DEBUG_INFO = YES;
				ONLY_ACTIVE_ARCH = YES;
				SDKROOT = iphoneos;
			};
			name = Debug;
		};
		B57FA2111ECAA98100EB2641 /* Release */ = {
			isa = XCBuildConfiguration;
			buildSettings = {
				ALWAYS_SEARCH_USER_PATHS = NO;
				CLANG_ANALYZER_NONNULL = YES;
				CLANG_ANALYZER_NUMBER_OBJECT_CONVERSION = YES_AGGRESSIVE;
				CLANG_CXX_LANGUAGE_STANDARD = "gnu++0x";
				CLANG_CXX_LIBRARY = "libc++";
				CLANG_ENABLE_MODULES = YES;
				CLANG_ENABLE_OBJC_ARC = YES;
				CLANG_WARN_BOOL_CONVERSION = YES;
				CLANG_WARN_CONSTANT_CONVERSION = YES;
				CLANG_WARN_DIRECT_OBJC_ISA_USAGE = YES_ERROR;
				CLANG_WARN_DOCUMENTATION_COMMENTS = YES;
				CLANG_WARN_EMPTY_BODY = YES;
				CLANG_WARN_ENUM_CONVERSION = YES;
				CLANG_WARN_INFINITE_RECURSION = YES;
				CLANG_WARN_INT_CONVERSION = YES;
				CLANG_WARN_OBJC_ROOT_CLASS = YES_ERROR;
				CLANG_WARN_SUSPICIOUS_MOVE = YES;
				CLANG_WARN_UNREACHABLE_CODE = YES;
				CLANG_WARN__DUPLICATE_METHOD_MATCH = YES;
				"CODE_SIGN_IDENTITY[sdk=iphoneos*]" = "iPhone Developer";
				COPY_PHASE_STRIP = NO;
				DEBUG_INFORMATION_FORMAT = "dwarf-with-dsym";
				ENABLE_NS_ASSERTIONS = NO;
				ENABLE_STRICT_OBJC_MSGSEND = YES;
				GCC_C_LANGUAGE_STANDARD = gnu99;
				GCC_NO_COMMON_BLOCKS = YES;
				GCC_WARN_64_TO_32_BIT_CONVERSION = YES;
				GCC_WARN_ABOUT_RETURN_TYPE = YES_ERROR;
				GCC_WARN_UNDECLARED_SELECTOR = YES;
				GCC_WARN_UNINITIALIZED_AUTOS = YES_AGGRESSIVE;
				GCC_WARN_UNUSED_FUNCTION = YES;
				GCC_WARN_UNUSED_VARIABLE = YES;
				IPHONEOS_DEPLOYMENT_TARGET = 10.3;
				MTL_ENABLE_DEBUG_INFO = NO;
				SDKROOT = iphoneos;
				VALIDATE_PRODUCT = YES;
			};
			name = Release;
		};
		B57FA2131ECAA98100EB2641 /* Debug */ = {
			isa = XCBuildConfiguration;
			buildSettings = {
				ASSETCATALOG_COMPILER_APPICON_NAME = AppIcon;
				DEVELOPMENT_TEAM = WU2WFZ2B66;
				INFOPLIST_FILE = TestUpload/Info.plist;
				LD_RUNPATH_SEARCH_PATHS = "$(inherited) @executable_path/Frameworks";
				PRODUCT_BUNDLE_IDENTIFIER = Het.TestUpload;
				PRODUCT_NAME = "$(TARGET_NAME)";
			};
			name = Debug;
		};
		B57FA2141ECAA98100EB2641 /* Release */ = {
			isa = XCBuildConfiguration;
			buildSettings = {
				ASSETCATALOG_COMPILER_APPICON_NAME = AppIcon;
				DEVELOPMENT_TEAM = WU2WFZ2B66;
				INFOPLIST_FILE = TestUpload/Info.plist;
				LD_RUNPATH_SEARCH_PATHS = "$(inherited) @executable_path/Frameworks";
				PRODUCT_BUNDLE_IDENTIFIER = Het.TestUpload;
				PRODUCT_NAME = "$(TARGET_NAME)";
			};
			name = Release;
		};
/* End XCBuildConfiguration section */

/* Begin XCConfigurationList section */
		B57FA1F61ECAA98100EB2641 /* Build configuration list for PBXProject "TestUpload" */ = {
			isa = XCConfigurationList;
			buildConfigurations = (
				B57FA2101ECAA98100EB2641 /* Debug */,
				B57FA2111ECAA98100EB2641 /* Release */,
			);
			defaultConfigurationIsVisible = 0;
			defaultConfigurationName = Release;
		};
		B57FA2121ECAA98100EB2641 /* Build configuration list for PBXNativeTarget "TestUpload" */ = {
			isa = XCConfigurationList;
			buildConfigurations = (
				B57FA2131ECAA98100EB2641 /* Debug */,
				B57FA2141ECAA98100EB2641 /* Release */,
			);
			defaultConfigurationIsVisible = 0;
		};
/* End XCConfigurationList section */
	};
	rootObject = B57FA1F31ECAA98100EB2641 /* Project object */;
}
